
Microsoft Visual Studio Solution File, Format Version 12.00
Project("{FAE04EC0-301F-11D3-BF4B-00C04F79EFBC}") = "Heroes", "Heroes\Heroes.csproj", "{706D3686-C3E6-4004-8999-964A2F67B36F}"
EndProject
Global
	GlobalSection(SolutionConfigurationPlatforms) = preSolution
		Debug|Any CPU = Debug|Any CPU
		Release|Any CPU = Release|Any CPU
	EndGlobalSection
	GlobalSection(ProjectConfigurationPlatforms) = postSolution
		{706D3686-C3E6-4004-8999-964A2F67B36F}.Debug|Any CPU.ActiveCfg = Debug|Any CPU
		{706D3686-C3E6-4004-8999-964A2F67B36F}.Debug|Any CPU.Build.0 = Debug|Any CPU
		{706D3686-C3E6-4004-8999-964A2F67B36F}.Release|Any CPU.ActiveCfg = Release|Any CPU
		{706D3686-C3E6-4004-8999-964A2F67B36F}.Release|Any CPU.Build.0 = Release|Any CPU
	EndGlobalSection
EndGlobal
